
Microsoft Visual Studio Solution File, Format Version 12.00
# Visual Studio 14
VisualStudioVersion = 14.0.25420.1
MinimumVisualStudioVersion = 10.0.40219.1
Project("{00D1A9C2-B5F0-4AF3-8072-F6C62B433612}") = "Calamari.CalamariDB", "CalamariDB\Calamari.CalamariDB.sqlproj", "{1290833B-D13F-40E2-ADA4-2CC9548E23DF}"
EndProject
Project("{2150E333-8FDC-42A3-9474-1A3956D46DE8}") = "Data Layer", "Data Layer", "{F39441A8-6373-4CBA-AF7B-8A63A2F652EE}"
EndProject
Project("{FAE04EC0-301F-11D3-BF4B-00C04F79EFBC}") = "Calamari.Tests", "Calamari.Tests\Calamari.Tests.csproj", "{B0AE8544-6D92-4A70-BC7C-25B0A6D056C8}"
EndProject
Project("{2150E333-8FDC-42A3-9474-1A3956D46DE8}") = "Tests", "Tests", "{99AD223B-05CB-4702-BDED-DC19F557D8A2}"
EndProject
Project("{2150E333-8FDC-42A3-9474-1A3956D46DE8}") = "Clients", "Clients", "{3A9221DF-D39C-48B0-973F-B575CB340A01}"
EndProject
Project("{2150E333-8FDC-42A3-9474-1A3956D46DE8}") = "Database", "Database", "{74FABCB7-689A-4F40-AC62-DED2CB2A12D6}"
EndProject
Project("{2150E333-8FDC-42A3-9474-1A3956D46DE8}") = "Models", "Models", "{CF5BB484-FF55-49D3-8CA9-2A34468AAB79}"
EndProject
Project("{FAE04EC0-301F-11D3-BF4B-00C04F79EFBC}") = "Calamari.Models", "Source\Calamari.Models\Calamari.Models.csproj", "{90B154CA-78B1-44D0-A177-5CE38E01A9CE}"
EndProject
Project("{FAE04EC0-301F-11D3-BF4B-00C04F79EFBC}") = "Calamari.Repository", "Source\Calamari.Repository\Calamari.Repository.csproj", "{C70F550D-CF7A-4BB3-82E7-E05A52E527B6}"
EndProject
Project("{FAE04EC0-301F-11D3-BF4B-00C04F79EFBC}") = "Calamari.ClientPortal", "Source\Calamari.Clients\Calamari.ClientPortal.csproj", "{2D1BB34B-6828-4860-B7CC-5063B929CB85}"
EndProject
Project("{2150E333-8FDC-42A3-9474-1A3956D46DE8}") = "Service", "Service", "{491A2328-2A05-49B9-A676-F749D0DBF81B}"
EndProject
Project("{FAE04EC0-301F-11D3-BF4B-00C04F79EFBC}") = "Calamari.Service", "Source\Calamari.Service\Calamari.Service.csproj", "{1F53C0F4-D0FA-4B64-9B16-25218E04A6CB}"
EndProject
Global
	GlobalSection(SolutionConfigurationPlatforms) = preSolution
		Debug|Any CPU = Debug|Any CPU
		Release|Any CPU = Release|Any CPU
	EndGlobalSection
	GlobalSection(ProjectConfigurationPlatforms) = postSolution
		{1290833B-D13F-40E2-ADA4-2CC9548E23DF}.Debug|Any CPU.ActiveCfg = Debug|Any CPU
		{1290833B-D13F-40E2-ADA4-2CC9548E23DF}.Debug|Any CPU.Build.0 = Debug|Any CPU
		{1290833B-D13F-40E2-ADA4-2CC9548E23DF}.Debug|Any CPU.Deploy.0 = Debug|Any CPU
		{1290833B-D13F-40E2-ADA4-2CC9548E23DF}.Release|Any CPU.ActiveCfg = Release|Any CPU
		{1290833B-D13F-40E2-ADA4-2CC9548E23DF}.Release|Any CPU.Build.0 = Release|Any CPU
		{1290833B-D13F-40E2-ADA4-2CC9548E23DF}.Release|Any CPU.Deploy.0 = Release|Any CPU
		{B0AE8544-6D92-4A70-BC7C-25B0A6D056C8}.Debug|Any CPU.ActiveCfg = Debug|Any CPU
		{B0AE8544-6D92-4A70-BC7C-25B0A6D056C8}.Debug|Any CPU.Build.0 = Debug|Any CPU
		{B0AE8544-6D92-4A70-BC7C-25B0A6D056C8}.Release|Any CPU.ActiveCfg = Release|Any CPU
		{B0AE8544-6D92-4A70-BC7C-25B0A6D056C8}.Release|Any CPU.Build.0 = Release|Any CPU
		{90B154CA-78B1-44D0-A177-5CE38E01A9CE}.Debug|Any CPU.ActiveCfg = Debug|Any CPU
		{90B154CA-78B1-44D0-A177-5CE38E01A9CE}.Debug|Any CPU.Build.0 = Debug|Any CPU
		{90B154CA-78B1-44D0-A177-5CE38E01A9CE}.Release|Any CPU.ActiveCfg = Release|Any CPU
		{90B154CA-78B1-44D0-A177-5CE38E01A9CE}.Release|Any CPU.Build.0 = Release|Any CPU
		{C70F550D-CF7A-4BB3-82E7-E05A52E527B6}.Debug|Any CPU.ActiveCfg = Debug|Any CPU
		{C70F550D-CF7A-4BB3-82E7-E05A52E527B6}.Debug|Any CPU.Build.0 = Debug|Any CPU
		{C70F550D-CF7A-4BB3-82E7-E05A52E527B6}.Release|Any CPU.ActiveCfg = Release|Any CPU
		{C70F550D-CF7A-4BB3-82E7-E05A52E527B6}.Release|Any CPU.Build.0 = Release|Any CPU
		{2D1BB34B-6828-4860-B7CC-5063B929CB85}.Debug|Any CPU.ActiveCfg = Debug|Any CPU
		{2D1BB34B-6828-4860-B7CC-5063B929CB85}.Debug|Any CPU.Build.0 = Debug|Any CPU
		{2D1BB34B-6828-4860-B7CC-5063B929CB85}.Release|Any CPU.ActiveCfg = Release|Any CPU
		{2D1BB34B-6828-4860-B7CC-5063B929CB85}.Release|Any CPU.Build.0 = Release|Any CPU
		{1F53C0F4-D0FA-4B64-9B16-25218E04A6CB}.Debug|Any CPU.ActiveCfg = Debug|Any CPU
		{1F53C0F4-D0FA-4B64-9B16-25218E04A6CB}.Debug|Any CPU.Build.0 = Debug|Any CPU
		{1F53C0F4-D0FA-4B64-9B16-25218E04A6CB}.Release|Any CPU.ActiveCfg = Release|Any CPU
		{1F53C0F4-D0FA-4B64-9B16-25218E04A6CB}.Release|Any CPU.Build.0 = Release|Any CPU
	EndGlobalSection
	GlobalSection(SolutionProperties) = preSolution
		HideSolutionNode = FALSE
	EndGlobalSection
	GlobalSection(NestedProjects) = preSolution
		{1290833B-D13F-40E2-ADA4-2CC9548E23DF} = {74FABCB7-689A-4F40-AC62-DED2CB2A12D6}
		{B0AE8544-6D92-4A70-BC7C-25B0A6D056C8} = {99AD223B-05CB-4702-BDED-DC19F557D8A2}
		{90B154CA-78B1-44D0-A177-5CE38E01A9CE} = {CF5BB484-FF55-49D3-8CA9-2A34468AAB79}
		{C70F550D-CF7A-4BB3-82E7-E05A52E527B6} = {F39441A8-6373-4CBA-AF7B-8A63A2F652EE}
		{2D1BB34B-6828-4860-B7CC-5063B929CB85} = {3A9221DF-D39C-48B0-973F-B575CB340A01}
		{1F53C0F4-D0FA-4B64-9B16-25218E04A6CB} = {491A2328-2A05-49B9-A676-F749D0DBF81B}
	EndGlobalSection
EndGlobal
