
Microsoft Visual Studio Solution File, Format Version 12.00
# Visual Studio 14
VisualStudioVersion = 14.0.25420.1
MinimumVisualStudioVersion = 10.0.40219.1
Project("{FAE04EC0-301F-11D3-BF4B-00C04F79EFBC}") = "Calamari", "Calamari\Calamari.csproj", "{2D1BB34B-6828-4860-B7CC-5063B929CB85}"
EndProject
Project("{00D1A9C2-B5F0-4AF3-8072-F6C62B433612}") = "CalamariDB", "CalamariDB\CalamariDB.sqlproj", "{1290833B-D13F-40E2-ADA4-2CC9548E23DF}"
EndProject
Project("{2150E333-8FDC-42A3-9474-1A3956D46DE8}") = "Business Layer", "Business Layer", "{E6B4BCF0-4915-453C-A783-3261C37385C2}"
EndProject
Project("{FAE04EC0-301F-11D3-BF4B-00C04F79EFBC}") = "BusinessManager", "BusinessManager\BusinessManager.csproj", "{0FD8856D-0472-4CA4-AD61-3281702D8496}"
EndProject
Project("{2150E333-8FDC-42A3-9474-1A3956D46DE8}") = "Data Layer", "Data Layer", "{F39441A8-6373-4CBA-AF7B-8A63A2F652EE}"
EndProject
Project("{FAE04EC0-301F-11D3-BF4B-00C04F79EFBC}") = "DataRepository", "ProductRepository\DataRepository.csproj", "{C70F550D-CF7A-4BB3-82E7-E05A52E527B6}"
EndProject
Global
	GlobalSection(SolutionConfigurationPlatforms) = preSolution
		Debug|Any CPU = Debug|Any CPU
		Release|Any CPU = Release|Any CPU
	EndGlobalSection
	GlobalSection(ProjectConfigurationPlatforms) = postSolution
		{2D1BB34B-6828-4860-B7CC-5063B929CB85}.Debug|Any CPU.ActiveCfg = Debug|Any CPU
		{2D1BB34B-6828-4860-B7CC-5063B929CB85}.Debug|Any CPU.Build.0 = Debug|Any CPU
		{2D1BB34B-6828-4860-B7CC-5063B929CB85}.Release|Any CPU.ActiveCfg = Release|Any CPU
		{2D1BB34B-6828-4860-B7CC-5063B929CB85}.Release|Any CPU.Build.0 = Release|Any CPU
		{1290833B-D13F-40E2-ADA4-2CC9548E23DF}.Debug|Any CPU.ActiveCfg = Debug|Any CPU
		{1290833B-D13F-40E2-ADA4-2CC9548E23DF}.Debug|Any CPU.Build.0 = Debug|Any CPU
		{1290833B-D13F-40E2-ADA4-2CC9548E23DF}.Debug|Any CPU.Deploy.0 = Debug|Any CPU
		{1290833B-D13F-40E2-ADA4-2CC9548E23DF}.Release|Any CPU.ActiveCfg = Release|Any CPU
		{1290833B-D13F-40E2-ADA4-2CC9548E23DF}.Release|Any CPU.Build.0 = Release|Any CPU
		{1290833B-D13F-40E2-ADA4-2CC9548E23DF}.Release|Any CPU.Deploy.0 = Release|Any CPU
		{0FD8856D-0472-4CA4-AD61-3281702D8496}.Debug|Any CPU.ActiveCfg = Debug|Any CPU
		{0FD8856D-0472-4CA4-AD61-3281702D8496}.Debug|Any CPU.Build.0 = Debug|Any CPU
		{0FD8856D-0472-4CA4-AD61-3281702D8496}.Release|Any CPU.ActiveCfg = Release|Any CPU
		{0FD8856D-0472-4CA4-AD61-3281702D8496}.Release|Any CPU.Build.0 = Release|Any CPU
		{C70F550D-CF7A-4BB3-82E7-E05A52E527B6}.Debug|Any CPU.ActiveCfg = Debug|Any CPU
		{C70F550D-CF7A-4BB3-82E7-E05A52E527B6}.Debug|Any CPU.Build.0 = Debug|Any CPU
		{C70F550D-CF7A-4BB3-82E7-E05A52E527B6}.Release|Any CPU.ActiveCfg = Release|Any CPU
		{C70F550D-CF7A-4BB3-82E7-E05A52E527B6}.Release|Any CPU.Build.0 = Release|Any CPU
	EndGlobalSection
	GlobalSection(SolutionProperties) = preSolution
		HideSolutionNode = FALSE
	EndGlobalSection
	GlobalSection(NestedProjects) = preSolution
		{0FD8856D-0472-4CA4-AD61-3281702D8496} = {E6B4BCF0-4915-453C-A783-3261C37385C2}
		{C70F550D-CF7A-4BB3-82E7-E05A52E527B6} = {F39441A8-6373-4CBA-AF7B-8A63A2F652EE}
	EndGlobalSection
EndGlobal
